
Microsoft Visual Studio Solution File, Format Version 12.00
# Visual Studio Version 16
VisualStudioVersion = 16.0.32106.194
MinimumVisualStudioVersion = 10.0.40219.1
Project("{FAE04EC0-301F-11D3-BF4B-00C04F79EFBC}") = "Colegio.API", "Colegio.API\Colegio.API.csproj", "{11053154-AD03-4FF4-A4F1-75254A5D417A}"
EndProject
Project("{FAE04EC0-301F-11D3-BF4B-00C04F79EFBC}") = "Colegio.BL", "Colegio.BL\Colegio.BL.csproj", "{F058331D-658D-4AFE-961B-797F6E8B684C}"
EndProject
Global
	GlobalSection(SolutionConfigurationPlatforms) = preSolution
		Debug|Any CPU = Debug|Any CPU
		Release|Any CPU = Release|Any CPU
	EndGlobalSection
	GlobalSection(ProjectConfigurationPlatforms) = postSolution
		{11053154-AD03-4FF4-A4F1-75254A5D417A}.Debug|Any CPU.ActiveCfg = Debug|Any CPU
		{11053154-AD03-4FF4-A4F1-75254A5D417A}.Debug|Any CPU.Build.0 = Debug|Any CPU
		{11053154-AD03-4FF4-A4F1-75254A5D417A}.Release|Any CPU.ActiveCfg = Release|Any CPU
		{11053154-AD03-4FF4-A4F1-75254A5D417A}.Release|Any CPU.Build.0 = Release|Any CPU
		{F058331D-658D-4AFE-961B-797F6E8B684C}.Debug|Any CPU.ActiveCfg = Debug|Any CPU
		{F058331D-658D-4AFE-961B-797F6E8B684C}.Debug|Any CPU.Build.0 = Debug|Any CPU
		{F058331D-658D-4AFE-961B-797F6E8B684C}.Release|Any CPU.ActiveCfg = Release|Any CPU
		{F058331D-658D-4AFE-961B-797F6E8B684C}.Release|Any CPU.Build.0 = Release|Any CPU
	EndGlobalSection
	GlobalSection(SolutionProperties) = preSolution
		HideSolutionNode = FALSE
	EndGlobalSection
	GlobalSection(ExtensibilityGlobals) = postSolution
		SolutionGuid = {BF7C4C60-3548-4EB9-8D2C-058F50334F71}
	EndGlobalSection
EndGlobal
